
Microsoft Visual Studio Solution File, Format Version 12.00
# Visual Studio Version 16
VisualStudioVersion = 16.0.30709.132
MinimumVisualStudioVersion = 10.0.40219.1
Project("{2150E333-8FDC-42A3-9474-1A3956D46DE8}") = "Platforms", "Platforms", "{56B2B408-E9F7-4553-8853-696315E74F3D}"
EndProject
Project("{FAE04EC0-301F-11D3-BF4B-00C04F79EFBC}") = "HomeAutoHub.Droid", "HomeAutoHub.Droid\HomeAutoHub.Droid.csproj", "{B52683C4-1C7D-4D5A-A510-BC088D89202E}"
EndProject
Project("{FAE04EC0-301F-11D3-BF4B-00C04F79EFBC}") = "HomeAutoHub.iOS", "HomeAutoHub.iOS\HomeAutoHub.iOS.csproj", "{2F814C60-710C-456D-8A05-89B64FB10DDE}"
EndProject
Project("{FAE04EC0-301F-11D3-BF4B-00C04F79EFBC}") = "HomeAutoHub.UWP", "HomeAutoHub.UWP\HomeAutoHub.UWP.csproj", "{4FA9C94B-1433-4B08-B774-C94F53EF0B15}"
EndProject
Project("{9A19103F-16F7-4668-BE54-9A1E7A4F7556}") = "HomeAutoHub.Wasm", "HomeAutoHub.Wasm\HomeAutoHub.Wasm.csproj", "{5CAEA42A-D014-430B-AEFF-825159EADC43}"
EndProject
Project("{FAE04EC0-301F-11D3-BF4B-00C04F79EFBC}") = "HomeAutoHub.macOS", "HomeAutoHub.macOS\HomeAutoHub.macOS.csproj", "{59B8BA7D-6D20-4F52-8B85-700DCD1C16B1}"
EndProject
Project("{9A19103F-16F7-4668-BE54-9A1E7A4F7556}") = "HomeAutoHub.Skia.Wpf.Host", "HomeAutoHub.Skia.Wpf.Host\HomeAutoHub.Skia.Wpf.Host.csproj", "{A5497FD4-F7A6-467E-AFC5-060FD30434E4}"
EndProject
Project("{9A19103F-16F7-4668-BE54-9A1E7A4F7556}") = "HomeAutoHub.Skia.Wpf", "HomeAutoHub.Skia.Wpf\HomeAutoHub.Skia.Wpf.csproj", "{53A217F3-2DBB-4F64-BE09-B629CEBAFEA9}"
EndProject
Project("{9A19103F-16F7-4668-BE54-9A1E7A4F7556}") = "HomeAutoHub.Skia.Gtk", "HomeAutoHub.Skia.Gtk\HomeAutoHub.Skia.Gtk.csproj", "{72F64854-5D9B-4D6E-8FC0-20D19F0786DA}"
EndProject
Project("{9A19103F-16F7-4668-BE54-9A1E7A4F7556}") = "HomeAutoHub.Skia.Tizen", "HomeAutoHub.Skia.Tizen\HomeAutoHub.Skia.Tizen.csproj", "{787DB750-CBE0-488E-9614-E673AB153B92}"
EndProject
Project("{D954291E-2A0B-460D-934E-DC6B0785DB48}") = "HomeAutoHub.Shared", "HomeAutoHub.Shared\HomeAutoHub.Shared.shproj", "{6279C845-92F8-4333-AB99-3D213163593C}"
EndProject
Global
	GlobalSection(SharedMSBuildProjectFiles) = preSolution
		HomeAutoHub.Shared\HomeAutoHub.Shared.projitems*{2f814c60-710c-456d-8a05-89b64fb10dde}*SharedItemsImports = 4
		HomeAutoHub.Shared\HomeAutoHub.Shared.projitems*{4fa9c94b-1433-4b08-b774-c94f53ef0b15}*SharedItemsImports = 4
		HomeAutoHub.Shared\HomeAutoHub.Shared.projitems*{53a217f3-2dbb-4f64-be09-b629cebafea9}*SharedItemsImports = 5
		HomeAutoHub.Shared\HomeAutoHub.Shared.projitems*{59b8ba7d-6d20-4f52-8b85-700dcd1c16b1}*SharedItemsImports = 4
		HomeAutoHub.Shared\HomeAutoHub.Shared.projitems*{5caea42a-d014-430b-aeff-825159eadc43}*SharedItemsImports = 5
		HomeAutoHub.Shared\HomeAutoHub.Shared.projitems*{6279c845-92f8-4333-ab99-3d213163593c}*SharedItemsImports = 13
		HomeAutoHub.Shared\HomeAutoHub.Shared.projitems*{72f64854-5d9b-4d6e-8fc0-20d19f0786da}*SharedItemsImports = 5
		HomeAutoHub.Shared\HomeAutoHub.Shared.projitems*{787db750-cbe0-488e-9614-e673ab153b92}*SharedItemsImports = 5
		HomeAutoHub.Shared\HomeAutoHub.Shared.projitems*{b52683c4-1c7d-4d5a-a510-bc088d89202e}*SharedItemsImports = 4
	EndGlobalSection
	GlobalSection(SolutionConfigurationPlatforms) = preSolution
		Ad-Hoc|Any CPU = Ad-Hoc|Any CPU
		Ad-Hoc|ARM = Ad-Hoc|ARM
		Ad-Hoc|ARM64 = Ad-Hoc|ARM64
		Ad-Hoc|iPhone = Ad-Hoc|iPhone
		Ad-Hoc|iPhoneSimulator = Ad-Hoc|iPhoneSimulator
		Ad-Hoc|x64 = Ad-Hoc|x64
		Ad-Hoc|x86 = Ad-Hoc|x86
		AppStore|Any CPU = AppStore|Any CPU
		AppStore|ARM = AppStore|ARM
		AppStore|ARM64 = AppStore|ARM64
		AppStore|iPhone = AppStore|iPhone
		AppStore|iPhoneSimulator = AppStore|iPhoneSimulator
		AppStore|x64 = AppStore|x64
		AppStore|x86 = AppStore|x86
		Debug|Any CPU = Debug|Any CPU
		Debug|ARM = Debug|ARM
		Debug|ARM64 = Debug|ARM64
		Debug|iPhone = Debug|iPhone
		Debug|iPhoneSimulator = Debug|iPhoneSimulator
		Debug|x64 = Debug|x64
		Debug|x86 = Debug|x86
		Release|Any CPU = Release|Any CPU
		Release|ARM = Release|ARM
		Release|ARM64 = Release|ARM64
		Release|iPhone = Release|iPhone
		Release|iPhoneSimulator = Release|iPhoneSimulator
		Release|x64 = Release|x64
		Release|x86 = Release|x86
	EndGlobalSection
	GlobalSection(ProjectConfigurationPlatforms) = postSolution
		{B52683C4-1C7D-4D5A-A510-BC088D89202E}.Ad-Hoc|Any CPU.ActiveCfg = Debug|Any CPU
		{B52683C4-1C7D-4D5A-A510-BC088D89202E}.Ad-Hoc|Any CPU.Build.0 = Debug|Any CPU
		{B52683C4-1C7D-4D5A-A510-BC088D89202E}.Ad-Hoc|Any CPU.Deploy.0 = Debug|Any CPU
		{B52683C4-1C7D-4D5A-A510-BC088D89202E}.Ad-Hoc|ARM.ActiveCfg = Debug|Any CPU
		{B52683C4-1C7D-4D5A-A510-BC088D89202E}.Ad-Hoc|ARM.Build.0 = Debug|Any CPU
		{B52683C4-1C7D-4D5A-A510-BC088D89202E}.Ad-Hoc|ARM.Deploy.0 = Debug|Any CPU
		{B52683C4-1C7D-4D5A-A510-BC088D89202E}.Ad-Hoc|ARM64.ActiveCfg = Debug|Any CPU
		{B52683C4-1C7D-4D5A-A510-BC088D89202E}.Ad-Hoc|ARM64.Build.0 = Debug|Any CPU
		{B52683C4-1C7D-4D5A-A510-BC088D89202E}.Ad-Hoc|ARM64.Deploy.0 = Debug|Any CPU
		{B52683C4-1C7D-4D5A-A510-BC088D89202E}.Ad-Hoc|iPhone.ActiveCfg = Debug|Any CPU
		{B52683C4-1C7D-4D5A-A510-BC088D89202E}.Ad-Hoc|iPhone.Build.0 = Debug|Any CPU
		{B52683C4-1C7D-4D5A-A510-BC088D89202E}.Ad-Hoc|iPhone.Deploy.0 = Debug|Any CPU
		{B52683C4-1C7D-4D5A-A510-BC088D89202E}.Ad-Hoc|iPhoneSimulator.ActiveCfg = Debug|Any CPU
		{B52683C4-1C7D-4D5A-A510-BC088D89202E}.Ad-Hoc|iPhoneSimulator.Build.0 = Debug|Any CPU
		{B52683C4-1C7D-4D5A-A510-BC088D89202E}.Ad-Hoc|iPhoneSimulator.Deploy.0 = Debug|Any CPU
		{B52683C4-1C7D-4D5A-A510-BC088D89202E}.Ad-Hoc|x64.ActiveCfg = Debug|Any CPU
		{B52683C4-1C7D-4D5A-A510-BC088D89202E}.Ad-Hoc|x64.Build.0 = Debug|Any CPU
		{B52683C4-1C7D-4D5A-A510-BC088D89202E}.Ad-Hoc|x64.Deploy.0 = Debug|Any CPU
		{B52683C4-1C7D-4D5A-A510-BC088D89202E}.Ad-Hoc|x86.ActiveCfg = Debug|Any CPU
		{B52683C4-1C7D-4D5A-A510-BC088D89202E}.Ad-Hoc|x86.Build.0 = Debug|Any CPU
		{B52683C4-1C7D-4D5A-A510-BC088D89202E}.Ad-Hoc|x86.Deploy.0 = Debug|Any CPU
		{B52683C4-1C7D-4D5A-A510-BC088D89202E}.AppStore|Any CPU.ActiveCfg = Debug|Any CPU
		{B52683C4-1C7D-4D5A-A510-BC088D89202E}.AppStore|Any CPU.Build.0 = Debug|Any CPU
		{B52683C4-1C7D-4D5A-A510-BC088D89202E}.AppStore|Any CPU.Deploy.0 = Debug|Any CPU
		{B52683C4-1C7D-4D5A-A510-BC088D89202E}.AppStore|ARM.ActiveCfg = Debug|Any CPU
		{B52683C4-1C7D-4D5A-A510-BC088D89202E}.AppStore|ARM.Build.0 = Debug|Any CPU
		{B52683C4-1C7D-4D5A-A510-BC088D89202E}.AppStore|ARM.Deploy.0 = Debug|Any CPU
		{B52683C4-1C7D-4D5A-A510-BC088D89202E}.AppStore|ARM64.ActiveCfg = Debug|Any CPU
		{B52683C4-1C7D-4D5A-A510-BC088D89202E}.AppStore|ARM64.Build.0 = Debug|Any CPU
		{B52683C4-1C7D-4D5A-A510-BC088D89202E}.AppStore|ARM64.Deploy.0 = Debug|Any CPU
		{B52683C4-1C7D-4D5A-A510-BC088D89202E}.AppStore|iPhone.ActiveCfg = Debug|Any CPU
		{B52683C4-1C7D-4D5A-A510-BC088D89202E}.AppStore|iPhone.Build.0 = Debug|Any CPU
		{B52683C4-1C7D-4D5A-A510-BC088D89202E}.AppStore|iPhone.Deploy.0 = Debug|Any CPU
		{B52683C4-1C7D-4D5A-A510-BC088D89202E}.AppStore|iPhoneSimulator.ActiveCfg = Debug|Any CPU
		{B52683C4-1C7D-4D5A-A510-BC088D89202E}.AppStore|iPhoneSimulator.Build.0 = Debug|Any CPU
		{B52683C4-1C7D-4D5A-A510-BC088D89202E}.AppStore|iPhoneSimulator.Deploy.0 = Debug|Any CPU
		{B52683C4-1C7D-4D5A-A510-BC088D89202E}.AppStore|x64.ActiveCfg = Debug|Any CPU
		{B52683C4-1C7D-4D5A-A510-BC088D89202E}.AppStore|x64.Build.0 = Debug|Any CPU
		{B52683C4-1C7D-4D5A-A510-BC088D89202E}.AppStore|x64.Deploy.0 = Debug|Any CPU
		{B52683C4-1C7D-4D5A-A510-BC088D89202E}.AppStore|x86.ActiveCfg = Debug|Any CPU
		{B52683C4-1C7D-4D5A-A510-BC088D89202E}.AppStore|x86.Build.0 = Debug|Any CPU
		{B52683C4-1C7D-4D5A-A510-BC088D89202E}.AppStore|x86.Deploy.0 = Debug|Any CPU
		{B52683C4-1C7D-4D5A-A510-BC088D89202E}.Debug|Any CPU.ActiveCfg = Debug|Any CPU
		{B52683C4-1C7D-4D5A-A510-BC088D89202E}.Debug|Any CPU.Build.0 = Debug|Any CPU
		{B52683C4-1C7D-4D5A-A510-BC088D89202E}.Debug|Any CPU.Deploy.0 = Debug|Any CPU
		{B52683C4-1C7D-4D5A-A510-BC088D89202E}.Debug|ARM.ActiveCfg = Debug|Any CPU
		{B52683C4-1C7D-4D5A-A510-BC088D89202E}.Debug|ARM.Build.0 = Debug|Any CPU
		{B52683C4-1C7D-4D5A-A510-BC088D89202E}.Debug|ARM.Deploy.0 = Debug|Any CPU
		{B52683C4-1C7D-4D5A-A510-BC088D89202E}.Debug|ARM64.ActiveCfg = Debug|Any CPU
		{B52683C4-1C7D-4D5A-A510-BC088D89202E}.Debug|ARM64.Build.0 = Debug|Any CPU
		{B52683C4-1C7D-4D5A-A510-BC088D89202E}.Debug|ARM64.Deploy.0 = Debug|Any CPU
		{B52683C4-1C7D-4D5A-A510-BC088D89202E}.Debug|iPhone.ActiveCfg = Debug|Any CPU
		{B52683C4-1C7D-4D5A-A510-BC088D89202E}.Debug|iPhone.Build.0 = Debug|Any CPU
		{B52683C4-1C7D-4D5A-A510-BC088D89202E}.Debug|iPhone.Deploy.0 = Debug|Any CPU
		{B52683C4-1C7D-4D5A-A510-BC088D89202E}.Debug|iPhoneSimulator.ActiveCfg = Debug|Any CPU
		{B52683C4-1C7D-4D5A-A510-BC088D89202E}.Debug|iPhoneSimulator.Build.0 = Debug|Any CPU
		{B52683C4-1C7D-4D5A-A510-BC088D89202E}.Debug|iPhoneSimulator.Deploy.0 = Debug|Any CPU
		{B52683C4-1C7D-4D5A-A510-BC088D89202E}.Debug|x64.ActiveCfg = Debug|Any CPU
		{B52683C4-1C7D-4D5A-A510-BC088D89202E}.Debug|x64.Build.0 = Debug|Any CPU
		{B52683C4-1C7D-4D5A-A510-BC088D89202E}.Debug|x64.Deploy.0 = Debug|Any CPU
		{B52683C4-1C7D-4D5A-A510-BC088D89202E}.Debug|x86.ActiveCfg = Debug|Any CPU
		{B52683C4-1C7D-4D5A-A510-BC088D89202E}.Debug|x86.Build.0 = Debug|Any CPU
		{B52683C4-1C7D-4D5A-A510-BC088D89202E}.Debug|x86.Deploy.0 = Debug|Any CPU
		{B52683C4-1C7D-4D5A-A510-BC088D89202E}.Release|Any CPU.ActiveCfg = Release|Any CPU
		{B52683C4-1C7D-4D5A-A510-BC088D89202E}.Release|Any CPU.Build.0 = Release|Any CPU
		{B52683C4-1C7D-4D5A-A510-BC088D89202E}.Release|Any CPU.Deploy.0 = Release|Any CPU
		{B52683C4-1C7D-4D5A-A510-BC088D89202E}.Release|ARM.ActiveCfg = Release|Any CPU
		{B52683C4-1C7D-4D5A-A510-BC088D89202E}.Release|ARM.Build.0 = Release|Any CPU
		{B52683C4-1C7D-4D5A-A510-BC088D89202E}.Release|ARM.Deploy.0 = Release|Any CPU
		{B52683C4-1C7D-4D5A-A510-BC088D89202E}.Release|ARM64.ActiveCfg = Release|Any CPU
		{B52683C4-1C7D-4D5A-A510-BC088D89202E}.Release|ARM64.Build.0 = Release|Any CPU
		{B52683C4-1C7D-4D5A-A510-BC088D89202E}.Release|ARM64.Deploy.0 = Release|Any CPU
		{B52683C4-1C7D-4D5A-A510-BC088D89202E}.Release|iPhone.ActiveCfg = Release|Any CPU
		{B52683C4-1C7D-4D5A-A510-BC088D89202E}.Release|iPhone.Build.0 = Release|Any CPU
		{B52683C4-1C7D-4D5A-A510-BC088D89202E}.Release|iPhone.Deploy.0 = Release|Any CPU
		{B52683C4-1C7D-4D5A-A510-BC088D89202E}.Release|iPhoneSimulator.ActiveCfg = Release|Any CPU
		{B52683C4-1C7D-4D5A-A510-BC088D89202E}.Release|iPhoneSimulator.Build.0 = Release|Any CPU
		{B52683C4-1C7D-4D5A-A510-BC088D89202E}.Release|iPhoneSimulator.Deploy.0 = Release|Any CPU
		{B52683C4-1C7D-4D5A-A510-BC088D89202E}.Release|x64.ActiveCfg = Release|Any CPU
		{B52683C4-1C7D-4D5A-A510-BC088D89202E}.Release|x64.Build.0 = Release|Any CPU
		{B52683C4-1C7D-4D5A-A510-BC088D89202E}.Release|x64.Deploy.0 = Release|Any CPU
		{B52683C4-1C7D-4D5A-A510-BC088D89202E}.Release|x86.ActiveCfg = Release|Any CPU
		{B52683C4-1C7D-4D5A-A510-BC088D89202E}.Release|x86.Build.0 = Release|Any CPU
		{B52683C4-1C7D-4D5A-A510-BC088D89202E}.Release|x86.Deploy.0 = Release|Any CPU
		{2F814C60-710C-456D-8A05-89B64FB10DDE}.Ad-Hoc|Any CPU.ActiveCfg = Ad-Hoc|iPhoneSimulator
		{2F814C60-710C-456D-8A05-89B64FB10DDE}.Ad-Hoc|ARM.ActiveCfg = Ad-Hoc|iPhoneSimulator
		{2F814C60-710C-456D-8A05-89B64FB10DDE}.Ad-Hoc|ARM64.ActiveCfg = Ad-Hoc|iPhoneSimulator
		{2F814C60-710C-456D-8A05-89B64FB10DDE}.Ad-Hoc|iPhone.ActiveCfg = Ad-Hoc|iPhone
		{2F814C60-710C-456D-8A05-89B64FB10DDE}.Ad-Hoc|iPhone.Build.0 = Ad-Hoc|iPhone
		{2F814C60-710C-456D-8A05-89B64FB10DDE}.Ad-Hoc|iPhoneSimulator.ActiveCfg = Ad-Hoc|iPhoneSimulator
		{2F814C60-710C-456D-8A05-89B64FB10DDE}.Ad-Hoc|iPhoneSimulator.Build.0 = Ad-Hoc|iPhoneSimulator
		{2F814C60-710C-456D-8A05-89B64FB10DDE}.Ad-Hoc|x64.ActiveCfg = Ad-Hoc|iPhoneSimulator
		{2F814C60-710C-456D-8A05-89B64FB10DDE}.Ad-Hoc|x86.ActiveCfg = Ad-Hoc|iPhoneSimulator
		{2F814C60-710C-456D-8A05-89B64FB10DDE}.AppStore|Any CPU.ActiveCfg = AppStore|iPhoneSimulator
		{2F814C60-710C-456D-8A05-89B64FB10DDE}.AppStore|ARM.ActiveCfg = AppStore|iPhoneSimulator
		{2F814C60-710C-456D-8A05-89B64FB10DDE}.AppStore|ARM64.ActiveCfg = AppStore|iPhoneSimulator
		{2F814C60-710C-456D-8A05-89B64FB10DDE}.AppStore|iPhone.ActiveCfg = AppStore|iPhone
		{2F814C60-710C-456D-8A05-89B64FB10DDE}.AppStore|iPhone.Build.0 = AppStore|iPhone
		{2F814C60-710C-456D-8A05-89B64FB10DDE}.AppStore|iPhoneSimulator.ActiveCfg = AppStore|iPhoneSimulator
		{2F814C60-710C-456D-8A05-89B64FB10DDE}.AppStore|iPhoneSimulator.Build.0 = AppStore|iPhoneSimulator
		{2F814C60-710C-456D-8A05-89B64FB10DDE}.AppStore|x64.ActiveCfg = AppStore|iPhoneSimulator
		{2F814C60-710C-456D-8A05-89B64FB10DDE}.AppStore|x86.ActiveCfg = AppStore|iPhoneSimulator
		{2F814C60-710C-456D-8A05-89B64FB10DDE}.Debug|Any CPU.ActiveCfg = Debug|iPhoneSimulator
		{2F814C60-710C-456D-8A05-89B64FB10DDE}.Debug|ARM.ActiveCfg = Debug|iPhoneSimulator
		{2F814C60-710C-456D-8A05-89B64FB10DDE}.Debug|ARM64.ActiveCfg = Debug|iPhoneSimulator
		{2F814C60-710C-456D-8A05-89B64FB10DDE}.Debug|iPhone.ActiveCfg = Debug|iPhone
		{2F814C60-710C-456D-8A05-89B64FB10DDE}.Debug|iPhone.Build.0 = Debug|iPhone
		{2F814C60-710C-456D-8A05-89B64FB10DDE}.Debug|iPhoneSimulator.ActiveCfg = Debug|iPhoneSimulator
		{2F814C60-710C-456D-8A05-89B64FB10DDE}.Debug|iPhoneSimulator.Build.0 = Debug|iPhoneSimulator
		{2F814C60-710C-456D-8A05-89B64FB10DDE}.Debug|x64.ActiveCfg = Debug|iPhoneSimulator
		{2F814C60-710C-456D-8A05-89B64FB10DDE}.Debug|x86.ActiveCfg = Debug|iPhoneSimulator
		{2F814C60-710C-456D-8A05-89B64FB10DDE}.Release|Any CPU.ActiveCfg = Release|iPhoneSimulator
		{2F814C60-710C-456D-8A05-89B64FB10DDE}.Release|ARM.ActiveCfg = Release|iPhoneSimulator
		{2F814C60-710C-456D-8A05-89B64FB10DDE}.Release|ARM64.ActiveCfg = Release|iPhoneSimulator
		{2F814C60-710C-456D-8A05-89B64FB10DDE}.Release|iPhone.ActiveCfg = Release|iPhone
		{2F814C60-710C-456D-8A05-89B64FB10DDE}.Release|iPhone.Build.0 = Release|iPhone
		{2F814C60-710C-456D-8A05-89B64FB10DDE}.Release|iPhoneSimulator.ActiveCfg = Release|iPhoneSimulator
		{2F814C60-710C-456D-8A05-89B64FB10DDE}.Release|iPhoneSimulator.Build.0 = Release|iPhoneSimulator
		{2F814C60-710C-456D-8A05-89B64FB10DDE}.Release|x64.ActiveCfg = Release|iPhoneSimulator
		{2F814C60-710C-456D-8A05-89B64FB10DDE}.Release|x86.ActiveCfg = Release|iPhoneSimulator
		{4FA9C94B-1433-4B08-B774-C94F53EF0B15}.Ad-Hoc|Any CPU.ActiveCfg = Debug|x86
		{4FA9C94B-1433-4B08-B774-C94F53EF0B15}.Ad-Hoc|Any CPU.Build.0 = Debug|x86
		{4FA9C94B-1433-4B08-B774-C94F53EF0B15}.Ad-Hoc|Any CPU.Deploy.0 = Debug|x86
		{4FA9C94B-1433-4B08-B774-C94F53EF0B15}.Ad-Hoc|ARM.ActiveCfg = Debug|ARM
		{4FA9C94B-1433-4B08-B774-C94F53EF0B15}.Ad-Hoc|ARM.Build.0 = Debug|ARM
		{4FA9C94B-1433-4B08-B774-C94F53EF0B15}.Ad-Hoc|ARM.Deploy.0 = Debug|ARM
		{4FA9C94B-1433-4B08-B774-C94F53EF0B15}.Ad-Hoc|ARM64.ActiveCfg = Debug|ARM64
		{4FA9C94B-1433-4B08-B774-C94F53EF0B15}.Ad-Hoc|ARM64.Build.0 = Debug|ARM64
		{4FA9C94B-1433-4B08-B774-C94F53EF0B15}.Ad-Hoc|ARM64.Deploy.0 = Debug|ARM64
		{4FA9C94B-1433-4B08-B774-C94F53EF0B15}.Ad-Hoc|iPhone.ActiveCfg = Debug|x86
		{4FA9C94B-1433-4B08-B774-C94F53EF0B15}.Ad-Hoc|iPhone.Build.0 = Debug|x86
		{4FA9C94B-1433-4B08-B774-C94F53EF0B15}.Ad-Hoc|iPhone.Deploy.0 = Debug|x86
		{4FA9C94B-1433-4B08-B774-C94F53EF0B15}.Ad-Hoc|iPhoneSimulator.ActiveCfg = Debug|x86
		{4FA9C94B-1433-4B08-B774-C94F53EF0B15}.Ad-Hoc|iPhoneSimulator.Build.0 = Debug|x86
		{4FA9C94B-1433-4B08-B774-C94F53EF0B15}.Ad-Hoc|iPhoneSimulator.Deploy.0 = Debug|x86
		{4FA9C94B-1433-4B08-B774-C94F53EF0B15}.Ad-Hoc|x64.ActiveCfg = Debug|x64
		{4FA9C94B-1433-4B08-B774-C94F53EF0B15}.Ad-Hoc|x64.Build.0 = Debug|x64
		{4FA9C94B-1433-4B08-B774-C94F53EF0B15}.Ad-Hoc|x64.Deploy.0 = Debug|x64
		{4FA9C94B-1433-4B08-B774-C94F53EF0B15}.Ad-Hoc|x86.ActiveCfg = Debug|x86
		{4FA9C94B-1433-4B08-B774-C94F53EF0B15}.Ad-Hoc|x86.Build.0 = Debug|x86
		{4FA9C94B-1433-4B08-B774-C94F53EF0B15}.Ad-Hoc|x86.Deploy.0 = Debug|x86
		{4FA9C94B-1433-4B08-B774-C94F53EF0B15}.AppStore|Any CPU.ActiveCfg = Debug|x86
		{4FA9C94B-1433-4B08-B774-C94F53EF0B15}.AppStore|Any CPU.Build.0 = Debug|x86
		{4FA9C94B-1433-4B08-B774-C94F53EF0B15}.AppStore|Any CPU.Deploy.0 = Debug|x86
		{4FA9C94B-1433-4B08-B774-C94F53EF0B15}.AppStore|ARM.ActiveCfg = Debug|ARM
		{4FA9C94B-1433-4B08-B774-C94F53EF0B15}.AppStore|ARM.Build.0 = Debug|ARM
		{4FA9C94B-1433-4B08-B774-C94F53EF0B15}.AppStore|ARM.Deploy.0 = Debug|ARM
		{4FA9C94B-1433-4B08-B774-C94F53EF0B15}.AppStore|ARM64.ActiveCfg = Debug|ARM64
		{4FA9C94B-1433-4B08-B774-C94F53EF0B15}.AppStore|ARM64.Build.0 = Debug|ARM64
		{4FA9C94B-1433-4B08-B774-C94F53EF0B15}.AppStore|ARM64.Deploy.0 = Debug|ARM64
		{4FA9C94B-1433-4B08-B774-C94F53EF0B15}.AppStore|iPhone.ActiveCfg = Debug|x86
		{4FA9C94B-1433-4B08-B774-C94F53EF0B15}.AppStore|iPhone.Build.0 = Debug|x86
		{4FA9C94B-1433-4B08-B774-C94F53EF0B15}.AppStore|iPhone.Deploy.0 = Debug|x86
		{4FA9C94B-1433-4B08-B774-C94F53EF0B15}.AppStore|iPhoneSimulator.ActiveCfg = Debug|x86
		{4FA9C94B-1433-4B08-B774-C94F53EF0B15}.AppStore|iPhoneSimulator.Build.0 = Debug|x86
		{4FA9C94B-1433-4B08-B774-C94F53EF0B15}.AppStore|iPhoneSimulator.Deploy.0 = Debug|x86
		{4FA9C94B-1433-4B08-B774-C94F53EF0B15}.AppStore|x64.ActiveCfg = Debug|x64
		{4FA9C94B-1433-4B08-B774-C94F53EF0B15}.AppStore|x64.Build.0 = Debug|x64
		{4FA9C94B-1433-4B08-B774-C94F53EF0B15}.AppStore|x64.Deploy.0 = Debug|x64
		{4FA9C94B-1433-4B08-B774-C94F53EF0B15}.AppStore|x86.ActiveCfg = Debug|x86
		{4FA9C94B-1433-4B08-B774-C94F53EF0B15}.AppStore|x86.Build.0 = Debug|x86
		{4FA9C94B-1433-4B08-B774-C94F53EF0B15}.AppStore|x86.Deploy.0 = Debug|x86
		{4FA9C94B-1433-4B08-B774-C94F53EF0B15}.Debug|Any CPU.ActiveCfg = Debug|x86
		{4FA9C94B-1433-4B08-B774-C94F53EF0B15}.Debug|ARM.ActiveCfg = Debug|ARM
		{4FA9C94B-1433-4B08-B774-C94F53EF0B15}.Debug|ARM.Build.0 = Debug|ARM
		{4FA9C94B-1433-4B08-B774-C94F53EF0B15}.Debug|ARM.Deploy.0 = Debug|ARM
		{4FA9C94B-1433-4B08-B774-C94F53EF0B15}.Debug|ARM64.ActiveCfg = Debug|ARM64
		{4FA9C94B-1433-4B08-B774-C94F53EF0B15}.Debug|ARM64.Build.0 = Debug|ARM64
		{4FA9C94B-1433-4B08-B774-C94F53EF0B15}.Debug|ARM64.Deploy.0 = Debug|ARM64
		{4FA9C94B-1433-4B08-B774-C94F53EF0B15}.Debug|iPhone.ActiveCfg = Debug|x86
		{4FA9C94B-1433-4B08-B774-C94F53EF0B15}.Debug|iPhoneSimulator.ActiveCfg = Debug|x86
		{4FA9C94B-1433-4B08-B774-C94F53EF0B15}.Debug|x64.ActiveCfg = Debug|x64
		{4FA9C94B-1433-4B08-B774-C94F53EF0B15}.Debug|x64.Build.0 = Debug|x64
		{4FA9C94B-1433-4B08-B774-C94F53EF0B15}.Debug|x64.Deploy.0 = Debug|x64
		{4FA9C94B-1433-4B08-B774-C94F53EF0B15}.Debug|x86.ActiveCfg = Debug|x86
		{4FA9C94B-1433-4B08-B774-C94F53EF0B15}.Debug|x86.Build.0 = Debug|x86
		{4FA9C94B-1433-4B08-B774-C94F53EF0B15}.Debug|x86.Deploy.0 = Debug|x86
		{4FA9C94B-1433-4B08-B774-C94F53EF0B15}.Release|Any CPU.ActiveCfg = Release|x86
		{4FA9C94B-1433-4B08-B774-C94F53EF0B15}.Release|ARM.ActiveCfg = Release|ARM
		{4FA9C94B-1433-4B08-B774-C94F53EF0B15}.Release|ARM.Build.0 = Release|ARM
		{4FA9C94B-1433-4B08-B774-C94F53EF0B15}.Release|ARM.Deploy.0 = Release|ARM
		{4FA9C94B-1433-4B08-B774-C94F53EF0B15}.Release|ARM64.ActiveCfg = Release|ARM64
		{4FA9C94B-1433-4B08-B774-C94F53EF0B15}.Release|ARM64.Build.0 = Release|ARM64
		{4FA9C94B-1433-4B08-B774-C94F53EF0B15}.Release|ARM64.Deploy.0 = Release|ARM64
		{4FA9C94B-1433-4B08-B774-C94F53EF0B15}.Release|iPhone.ActiveCfg = Release|x86
		{4FA9C94B-1433-4B08-B774-C94F53EF0B15}.Release|iPhoneSimulator.ActiveCfg = Release|x86
		{4FA9C94B-1433-4B08-B774-C94F53EF0B15}.Release|x64.ActiveCfg = Release|x64
		{4FA9C94B-1433-4B08-B774-C94F53EF0B15}.Release|x64.Build.0 = Release|x64
		{4FA9C94B-1433-4B08-B774-C94F53EF0B15}.Release|x64.Deploy.0 = Release|x64
		{4FA9C94B-1433-4B08-B774-C94F53EF0B15}.Release|x86.ActiveCfg = Release|x86
		{4FA9C94B-1433-4B08-B774-C94F53EF0B15}.Release|x86.Build.0 = Release|x86
		{4FA9C94B-1433-4B08-B774-C94F53EF0B15}.Release|x86.Deploy.0 = Release|x86
		{5CAEA42A-D014-430B-AEFF-825159EADC43}.Ad-Hoc|Any CPU.ActiveCfg = Debug|Any CPU
		{5CAEA42A-D014-430B-AEFF-825159EADC43}.Ad-Hoc|Any CPU.Build.0 = Debug|Any CPU
		{5CAEA42A-D014-430B-AEFF-825159EADC43}.Ad-Hoc|ARM.ActiveCfg = Debug|Any CPU
		{5CAEA42A-D014-430B-AEFF-825159EADC43}.Ad-Hoc|ARM.Build.0 = Debug|Any CPU
		{5CAEA42A-D014-430B-AEFF-825159EADC43}.Ad-Hoc|ARM64.ActiveCfg = Debug|Any CPU
		{5CAEA42A-D014-430B-AEFF-825159EADC43}.Ad-Hoc|ARM64.Build.0 = Debug|Any CPU
		{5CAEA42A-D014-430B-AEFF-825159EADC43}.Ad-Hoc|iPhone.ActiveCfg = Debug|Any CPU
		{5CAEA42A-D014-430B-AEFF-825159EADC43}.Ad-Hoc|iPhone.Build.0 = Debug|Any CPU
		{5CAEA42A-D014-430B-AEFF-825159EADC43}.Ad-Hoc|iPhoneSimulator.ActiveCfg = Debug|Any CPU
		{5CAEA42A-D014-430B-AEFF-825159EADC43}.Ad-Hoc|iPhoneSimulator.Build.0 = Debug|Any CPU
		{5CAEA42A-D014-430B-AEFF-825159EADC43}.Ad-Hoc|x64.ActiveCfg = Debug|Any CPU
		{5CAEA42A-D014-430B-AEFF-825159EADC43}.Ad-Hoc|x64.Build.0 = Debug|Any CPU
		{5CAEA42A-D014-430B-AEFF-825159EADC43}.Ad-Hoc|x86.ActiveCfg = Debug|Any CPU
		{5CAEA42A-D014-430B-AEFF-825159EADC43}.Ad-Hoc|x86.Build.0 = Debug|Any CPU
		{5CAEA42A-D014-430B-AEFF-825159EADC43}.AppStore|Any CPU.ActiveCfg = Debug|Any CPU
		{5CAEA42A-D014-430B-AEFF-825159EADC43}.AppStore|Any CPU.Build.0 = Debug|Any CPU
		{5CAEA42A-D014-430B-AEFF-825159EADC43}.AppStore|ARM.ActiveCfg = Debug|Any CPU
		{5CAEA42A-D014-430B-AEFF-825159EADC43}.AppStore|ARM.Build.0 = Debug|Any CPU
		{5CAEA42A-D014-430B-AEFF-825159EADC43}.AppStore|ARM64.ActiveCfg = Debug|Any CPU
		{5CAEA42A-D014-430B-AEFF-825159EADC43}.AppStore|ARM64.Build.0 = Debug|Any CPU
		{5CAEA42A-D014-430B-AEFF-825159EADC43}.AppStore|iPhone.ActiveCfg = Debug|Any CPU
		{5CAEA42A-D014-430B-AEFF-825159EADC43}.AppStore|iPhone.Build.0 = Debug|Any CPU
		{5CAEA42A-D014-430B-AEFF-825159EADC43}.AppStore|iPhoneSimulator.ActiveCfg = Debug|Any CPU
		{5CAEA42A-D014-430B-AEFF-825159EADC43}.AppStore|iPhoneSimulator.Build.0 = Debug|Any CPU
		{5CAEA42A-D014-430B-AEFF-825159EADC43}.AppStore|x64.ActiveCfg = Debug|Any CPU
		{5CAEA42A-D014-430B-AEFF-825159EADC43}.AppStore|x64.Build.0 = Debug|Any CPU
		{5CAEA42A-D014-430B-AEFF-825159EADC43}.AppStore|x86.ActiveCfg = Debug|Any CPU
		{5CAEA42A-D014-430B-AEFF-825159EADC43}.AppStore|x86.Build.0 = Debug|Any CPU
		{5CAEA42A-D014-430B-AEFF-825159EADC43}.Debug|Any CPU.ActiveCfg = Debug|Any CPU
		{5CAEA42A-D014-430B-AEFF-825159EADC43}.Debug|Any CPU.Build.0 = Debug|Any CPU
		{5CAEA42A-D014-430B-AEFF-825159EADC43}.Debug|ARM.ActiveCfg = Debug|Any CPU
		{5CAEA42A-D014-430B-AEFF-825159EADC43}.Debug|ARM.Build.0 = Debug|Any CPU
		{5CAEA42A-D014-430B-AEFF-825159EADC43}.Debug|ARM64.ActiveCfg = Debug|Any CPU
		{5CAEA42A-D014-430B-AEFF-825159EADC43}.Debug|ARM64.Build.0 = Debug|Any CPU
		{5CAEA42A-D014-430B-AEFF-825159EADC43}.Debug|iPhone.ActiveCfg = Debug|Any CPU
		{5CAEA42A-D014-430B-AEFF-825159EADC43}.Debug|iPhone.Build.0 = Debug|Any CPU
		{5CAEA42A-D014-430B-AEFF-825159EADC43}.Debug|iPhoneSimulator.ActiveCfg = Debug|Any CPU
		{5CAEA42A-D014-430B-AEFF-825159EADC43}.Debug|iPhoneSimulator.Build.0 = Debug|Any CPU
		{5CAEA42A-D014-430B-AEFF-825159EADC43}.Debug|x64.ActiveCfg = Debug|Any CPU
		{5CAEA42A-D014-430B-AEFF-825159EADC43}.Debug|x64.Build.0 = Debug|Any CPU
		{5CAEA42A-D014-430B-AEFF-825159EADC43}.Debug|x86.ActiveCfg = Debug|Any CPU
		{5CAEA42A-D014-430B-AEFF-825159EADC43}.Debug|x86.Build.0 = Debug|Any CPU
		{5CAEA42A-D014-430B-AEFF-825159EADC43}.Release|Any CPU.ActiveCfg = Release|Any CPU
		{5CAEA42A-D014-430B-AEFF-825159EADC43}.Release|Any CPU.Build.0 = Release|Any CPU
		{5CAEA42A-D014-430B-AEFF-825159EADC43}.Release|ARM.ActiveCfg = Release|Any CPU
		{5CAEA42A-D014-430B-AEFF-825159EADC43}.Release|ARM.Build.0 = Release|Any CPU
		{5CAEA42A-D014-430B-AEFF-825159EADC43}.Release|ARM64.ActiveCfg = Release|Any CPU
		{5CAEA42A-D014-430B-AEFF-825159EADC43}.Release|ARM64.Build.0 = Release|Any CPU
		{5CAEA42A-D014-430B-AEFF-825159EADC43}.Release|iPhone.ActiveCfg = Release|Any CPU
		{5CAEA42A-D014-430B-AEFF-825159EADC43}.Release|iPhone.Build.0 = Release|Any CPU
		{5CAEA42A-D014-430B-AEFF-825159EADC43}.Release|iPhoneSimulator.ActiveCfg = Release|Any CPU
		{5CAEA42A-D014-430B-AEFF-825159EADC43}.Release|iPhoneSimulator.Build.0 = Release|Any CPU
		{5CAEA42A-D014-430B-AEFF-825159EADC43}.Release|x64.ActiveCfg = Release|Any CPU
		{5CAEA42A-D014-430B-AEFF-825159EADC43}.Release|x64.Build.0 = Release|Any CPU
		{5CAEA42A-D014-430B-AEFF-825159EADC43}.Release|x86.ActiveCfg = Release|Any CPU
		{5CAEA42A-D014-430B-AEFF-825159EADC43}.Release|x86.Build.0 = Release|Any CPU
		{59B8BA7D-6D20-4F52-8B85-700DCD1C16B1}.Ad-Hoc|Any CPU.ActiveCfg = Debug|iPhoneSimulator
		{59B8BA7D-6D20-4F52-8B85-700DCD1C16B1}.Ad-Hoc|Any CPU.Build.0 = Debug|iPhoneSimulator
		{59B8BA7D-6D20-4F52-8B85-700DCD1C16B1}.Ad-Hoc|ARM.ActiveCfg = Debug|iPhoneSimulator
		{59B8BA7D-6D20-4F52-8B85-700DCD1C16B1}.Ad-Hoc|ARM.Build.0 = Debug|iPhoneSimulator
		{59B8BA7D-6D20-4F52-8B85-700DCD1C16B1}.Ad-Hoc|ARM64.ActiveCfg = Debug|iPhoneSimulator
		{59B8BA7D-6D20-4F52-8B85-700DCD1C16B1}.Ad-Hoc|ARM64.Build.0 = Debug|iPhoneSimulator
		{59B8BA7D-6D20-4F52-8B85-700DCD1C16B1}.Ad-Hoc|iPhone.ActiveCfg = Debug|iPhoneSimulator
		{59B8BA7D-6D20-4F52-8B85-700DCD1C16B1}.Ad-Hoc|iPhone.Build.0 = Debug|iPhoneSimulator
		{59B8BA7D-6D20-4F52-8B85-700DCD1C16B1}.Ad-Hoc|iPhoneSimulator.ActiveCfg = Debug|iPhoneSimulator
		{59B8BA7D-6D20-4F52-8B85-700DCD1C16B1}.Ad-Hoc|iPhoneSimulator.Build.0 = Debug|iPhoneSimulator
		{59B8BA7D-6D20-4F52-8B85-700DCD1C16B1}.Ad-Hoc|x64.ActiveCfg = Debug|iPhoneSimulator
		{59B8BA7D-6D20-4F52-8B85-700DCD1C16B1}.Ad-Hoc|x64.Build.0 = Debug|iPhoneSimulator
		{59B8BA7D-6D20-4F52-8B85-700DCD1C16B1}.Ad-Hoc|x86.ActiveCfg = Debug|iPhoneSimulator
		{59B8BA7D-6D20-4F52-8B85-700DCD1C16B1}.Ad-Hoc|x86.Build.0 = Debug|iPhoneSimulator
		{59B8BA7D-6D20-4F52-8B85-700DCD1C16B1}.AppStore|Any CPU.ActiveCfg = Debug|iPhoneSimulator
		{59B8BA7D-6D20-4F52-8B85-700DCD1C16B1}.AppStore|Any CPU.Build.0 = Debug|iPhoneSimulator
		{59B8BA7D-6D20-4F52-8B85-700DCD1C16B1}.AppStore|ARM.ActiveCfg = Debug|iPhoneSimulator
		{59B8BA7D-6D20-4F52-8B85-700DCD1C16B1}.AppStore|ARM.Build.0 = Debug|iPhoneSimulator
		{59B8BA7D-6D20-4F52-8B85-700DCD1C16B1}.AppStore|ARM64.ActiveCfg = Debug|iPhoneSimulator
		{59B8BA7D-6D20-4F52-8B85-700DCD1C16B1}.AppStore|ARM64.Build.0 = Debug|iPhoneSimulator
		{59B8BA7D-6D20-4F52-8B85-700DCD1C16B1}.AppStore|iPhone.ActiveCfg = Debug|iPhoneSimulator
		{59B8BA7D-6D20-4F52-8B85-700DCD1C16B1}.AppStore|iPhone.Build.0 = Debug|iPhoneSimulator
		{59B8BA7D-6D20-4F52-8B85-700DCD1C16B1}.AppStore|iPhoneSimulator.ActiveCfg = Debug|iPhoneSimulator
		{59B8BA7D-6D20-4F52-8B85-700DCD1C16B1}.AppStore|iPhoneSimulator.Build.0 = Debug|iPhoneSimulator
		{59B8BA7D-6D20-4F52-8B85-700DCD1C16B1}.AppStore|x64.ActiveCfg = Debug|iPhoneSimulator
		{59B8BA7D-6D20-4F52-8B85-700DCD1C16B1}.AppStore|x64.Build.0 = Debug|iPhoneSimulator
		{59B8BA7D-6D20-4F52-8B85-700DCD1C16B1}.AppStore|x86.ActiveCfg = Debug|iPhoneSimulator
		{59B8BA7D-6D20-4F52-8B85-700DCD1C16B1}.AppStore|x86.Build.0 = Debug|iPhoneSimulator
		{59B8BA7D-6D20-4F52-8B85-700DCD1C16B1}.Debug|Any CPU.ActiveCfg = Debug|iPhoneSimulator
		{59B8BA7D-6D20-4F52-8B85-700DCD1C16B1}.Debug|ARM.ActiveCfg = Debug|iPhoneSimulator
		{59B8BA7D-6D20-4F52-8B85-700DCD1C16B1}.Debug|ARM64.ActiveCfg = Debug|iPhoneSimulator
		{59B8BA7D-6D20-4F52-8B85-700DCD1C16B1}.Debug|iPhone.ActiveCfg = Debug|iPhoneSimulator
		{59B8BA7D-6D20-4F52-8B85-700DCD1C16B1}.Debug|iPhoneSimulator.ActiveCfg = Debug|iPhoneSimulator
		{59B8BA7D-6D20-4F52-8B85-700DCD1C16B1}.Debug|iPhoneSimulator.Build.0 = Debug|iPhoneSimulator
		{59B8BA7D-6D20-4F52-8B85-700DCD1C16B1}.Debug|x64.ActiveCfg = Debug|iPhoneSimulator
		{59B8BA7D-6D20-4F52-8B85-700DCD1C16B1}.Debug|x86.ActiveCfg = Debug|iPhoneSimulator
		{59B8BA7D-6D20-4F52-8B85-700DCD1C16B1}.Release|Any CPU.ActiveCfg = Release|iPhoneSimulator
		{59B8BA7D-6D20-4F52-8B85-700DCD1C16B1}.Release|ARM.ActiveCfg = Release|iPhoneSimulator
		{59B8BA7D-6D20-4F52-8B85-700DCD1C16B1}.Release|ARM64.ActiveCfg = Release|iPhoneSimulator
		{59B8BA7D-6D20-4F52-8B85-700DCD1C16B1}.Release|iPhone.ActiveCfg = Release|iPhoneSimulator
		{59B8BA7D-6D20-4F52-8B85-700DCD1C16B1}.Release|iPhoneSimulator.ActiveCfg = Release|iPhoneSimulator
		{59B8BA7D-6D20-4F52-8B85-700DCD1C16B1}.Release|iPhoneSimulator.Build.0 = Release|iPhoneSimulator
		{59B8BA7D-6D20-4F52-8B85-700DCD1C16B1}.Release|x64.ActiveCfg = Release|iPhoneSimulator
		{59B8BA7D-6D20-4F52-8B85-700DCD1C16B1}.Release|x86.ActiveCfg = Release|iPhoneSimulator
		{A5497FD4-F7A6-467E-AFC5-060FD30434E4}.Ad-Hoc|Any CPU.ActiveCfg = Debug|Any CPU
		{A5497FD4-F7A6-467E-AFC5-060FD30434E4}.Ad-Hoc|Any CPU.Build.0 = Debug|Any CPU
		{A5497FD4-F7A6-467E-AFC5-060FD30434E4}.Ad-Hoc|ARM.ActiveCfg = Debug|Any CPU
		{A5497FD4-F7A6-467E-AFC5-060FD30434E4}.Ad-Hoc|ARM.Build.0 = Debug|Any CPU
		{A5497FD4-F7A6-467E-AFC5-060FD30434E4}.Ad-Hoc|ARM64.ActiveCfg = Debug|Any CPU
		{A5497FD4-F7A6-467E-AFC5-060FD30434E4}.Ad-Hoc|ARM64.Build.0 = Debug|Any CPU
		{A5497FD4-F7A6-467E-AFC5-060FD30434E4}.Ad-Hoc|iPhone.ActiveCfg = Debug|Any CPU
		{A5497FD4-F7A6-467E-AFC5-060FD30434E4}.Ad-Hoc|iPhone.Build.0 = Debug|Any CPU
		{A5497FD4-F7A6-467E-AFC5-060FD30434E4}.Ad-Hoc|iPhoneSimulator.ActiveCfg = Debug|Any CPU
		{A5497FD4-F7A6-467E-AFC5-060FD30434E4}.Ad-Hoc|iPhoneSimulator.Build.0 = Debug|Any CPU
		{A5497FD4-F7A6-467E-AFC5-060FD30434E4}.Ad-Hoc|x64.ActiveCfg = Debug|Any CPU
		{A5497FD4-F7A6-467E-AFC5-060FD30434E4}.Ad-Hoc|x64.Build.0 = Debug|Any CPU
		{A5497FD4-F7A6-467E-AFC5-060FD30434E4}.Ad-Hoc|x86.ActiveCfg = Debug|Any CPU
		{A5497FD4-F7A6-467E-AFC5-060FD30434E4}.Ad-Hoc|x86.Build.0 = Debug|Any CPU
		{A5497FD4-F7A6-467E-AFC5-060FD30434E4}.AppStore|Any CPU.ActiveCfg = Debug|Any CPU
		{A5497FD4-F7A6-467E-AFC5-060FD30434E4}.AppStore|Any CPU.Build.0 = Debug|Any CPU
		{A5497FD4-F7A6-467E-AFC5-060FD30434E4}.AppStore|ARM.ActiveCfg = Debug|Any CPU
		{A5497FD4-F7A6-467E-AFC5-060FD30434E4}.AppStore|ARM.Build.0 = Debug|Any CPU
		{A5497FD4-F7A6-467E-AFC5-060FD30434E4}.AppStore|ARM64.ActiveCfg = Debug|Any CPU
		{A5497FD4-F7A6-467E-AFC5-060FD30434E4}.AppStore|ARM64.Build.0 = Debug|Any CPU
		{A5497FD4-F7A6-467E-AFC5-060FD30434E4}.AppStore|iPhone.ActiveCfg = Debug|Any CPU
		{A5497FD4-F7A6-467E-AFC5-060FD30434E4}.AppStore|iPhone.Build.0 = Debug|Any CPU
		{A5497FD4-F7A6-467E-AFC5-060FD30434E4}.AppStore|iPhoneSimulator.ActiveCfg = Debug|Any CPU
		{A5497FD4-F7A6-467E-AFC5-060FD30434E4}.AppStore|iPhoneSimulator.Build.0 = Debug|Any CPU
		{A5497FD4-F7A6-467E-AFC5-060FD30434E4}.AppStore|x64.ActiveCfg = Debug|Any CPU
		{A5497FD4-F7A6-467E-AFC5-060FD30434E4}.AppStore|x64.Build.0 = Debug|Any CPU
		{A5497FD4-F7A6-467E-AFC5-060FD30434E4}.AppStore|x86.ActiveCfg = Debug|Any CPU
		{A5497FD4-F7A6-467E-AFC5-060FD30434E4}.AppStore|x86.Build.0 = Debug|Any CPU
		{A5497FD4-F7A6-467E-AFC5-060FD30434E4}.Debug|Any CPU.ActiveCfg = Debug|Any CPU
		{A5497FD4-F7A6-467E-AFC5-060FD30434E4}.Debug|Any CPU.Build.0 = Debug|Any CPU
		{A5497FD4-F7A6-467E-AFC5-060FD30434E4}.Debug|ARM.ActiveCfg = Debug|Any CPU
		{A5497FD4-F7A6-467E-AFC5-060FD30434E4}.Debug|ARM.Build.0 = Debug|Any CPU
		{A5497FD4-F7A6-467E-AFC5-060FD30434E4}.Debug|ARM64.ActiveCfg = Debug|Any CPU
		{A5497FD4-F7A6-467E-AFC5-060FD30434E4}.Debug|ARM64.Build.0 = Debug|Any CPU
		{A5497FD4-F7A6-467E-AFC5-060FD30434E4}.Debug|iPhone.ActiveCfg = Debug|Any CPU
		{A5497FD4-F7A6-467E-AFC5-060FD30434E4}.Debug|iPhone.Build.0 = Debug|Any CPU
		{A5497FD4-F7A6-467E-AFC5-060FD30434E4}.Debug|iPhoneSimulator.ActiveCfg = Debug|Any CPU
		{A5497FD4-F7A6-467E-AFC5-060FD30434E4}.Debug|iPhoneSimulator.Build.0 = Debug|Any CPU
		{A5497FD4-F7A6-467E-AFC5-060FD30434E4}.Debug|x64.ActiveCfg = Debug|Any CPU
		{A5497FD4-F7A6-467E-AFC5-060FD30434E4}.Debug|x64.Build.0 = Debug|Any CPU
		{A5497FD4-F7A6-467E-AFC5-060FD30434E4}.Debug|x86.ActiveCfg = Debug|Any CPU
		{A5497FD4-F7A6-467E-AFC5-060FD30434E4}.Debug|x86.Build.0 = Debug|Any CPU
		{A5497FD4-F7A6-467E-AFC5-060FD30434E4}.Release|Any CPU.ActiveCfg = Release|Any CPU
		{A5497FD4-F7A6-467E-AFC5-060FD30434E4}.Release|Any CPU.Build.0 = Release|Any CPU
		{A5497FD4-F7A6-467E-AFC5-060FD30434E4}.Release|ARM.ActiveCfg = Release|Any CPU
		{A5497FD4-F7A6-467E-AFC5-060FD30434E4}.Release|ARM.Build.0 = Release|Any CPU
		{A5497FD4-F7A6-467E-AFC5-060FD30434E4}.Release|ARM64.ActiveCfg = Release|Any CPU
		{A5497FD4-F7A6-467E-AFC5-060FD30434E4}.Release|ARM64.Build.0 = Release|Any CPU
		{A5497FD4-F7A6-467E-AFC5-060FD30434E4}.Release|iPhone.ActiveCfg = Release|Any CPU
		{A5497FD4-F7A6-467E-AFC5-060FD30434E4}.Release|iPhone.Build.0 = Release|Any CPU
		{A5497FD4-F7A6-467E-AFC5-060FD30434E4}.Release|iPhoneSimulator.ActiveCfg = Release|Any CPU
		{A5497FD4-F7A6-467E-AFC5-060FD30434E4}.Release|iPhoneSimulator.Build.0 = Release|Any CPU
		{A5497FD4-F7A6-467E-AFC5-060FD30434E4}.Release|x64.ActiveCfg = Release|Any CPU
		{A5497FD4-F7A6-467E-AFC5-060FD30434E4}.Release|x64.Build.0 = Release|Any CPU
		{A5497FD4-F7A6-467E-AFC5-060FD30434E4}.Release|x86.ActiveCfg = Release|Any CPU
		{A5497FD4-F7A6-467E-AFC5-060FD30434E4}.Release|x86.Build.0 = Release|Any CPU
		{53A217F3-2DBB-4F64-BE09-B629CEBAFEA9}.Ad-Hoc|Any CPU.ActiveCfg = Debug|Any CPU
		{53A217F3-2DBB-4F64-BE09-B629CEBAFEA9}.Ad-Hoc|Any CPU.Build.0 = Debug|Any CPU
		{53A217F3-2DBB-4F64-BE09-B629CEBAFEA9}.Ad-Hoc|ARM.ActiveCfg = Debug|Any CPU
		{53A217F3-2DBB-4F64-BE09-B629CEBAFEA9}.Ad-Hoc|ARM.Build.0 = Debug|Any CPU
		{53A217F3-2DBB-4F64-BE09-B629CEBAFEA9}.Ad-Hoc|ARM64.ActiveCfg = Debug|Any CPU
		{53A217F3-2DBB-4F64-BE09-B629CEBAFEA9}.Ad-Hoc|ARM64.Build.0 = Debug|Any CPU
		{53A217F3-2DBB-4F64-BE09-B629CEBAFEA9}.Ad-Hoc|iPhone.ActiveCfg = Debug|Any CPU
		{53A217F3-2DBB-4F64-BE09-B629CEBAFEA9}.Ad-Hoc|iPhone.Build.0 = Debug|Any CPU
		{53A217F3-2DBB-4F64-BE09-B629CEBAFEA9}.Ad-Hoc|iPhoneSimulator.ActiveCfg = Debug|Any CPU
		{53A217F3-2DBB-4F64-BE09-B629CEBAFEA9}.Ad-Hoc|iPhoneSimulator.Build.0 = Debug|Any CPU
		{53A217F3-2DBB-4F64-BE09-B629CEBAFEA9}.Ad-Hoc|x64.ActiveCfg = Debug|Any CPU
		{53A217F3-2DBB-4F64-BE09-B629CEBAFEA9}.Ad-Hoc|x64.Build.0 = Debug|Any CPU
		{53A217F3-2DBB-4F64-BE09-B629CEBAFEA9}.Ad-Hoc|x86.ActiveCfg = Debug|Any CPU
		{53A217F3-2DBB-4F64-BE09-B629CEBAFEA9}.Ad-Hoc|x86.Build.0 = Debug|Any CPU
		{53A217F3-2DBB-4F64-BE09-B629CEBAFEA9}.AppStore|Any CPU.ActiveCfg = Debug|Any CPU
		{53A217F3-2DBB-4F64-BE09-B629CEBAFEA9}.AppStore|Any CPU.Build.0 = Debug|Any CPU
		{53A217F3-2DBB-4F64-BE09-B629CEBAFEA9}.AppStore|ARM.ActiveCfg = Debug|Any CPU
		{53A217F3-2DBB-4F64-BE09-B629CEBAFEA9}.AppStore|ARM.Build.0 = Debug|Any CPU
		{53A217F3-2DBB-4F64-BE09-B629CEBAFEA9}.AppStore|ARM64.ActiveCfg = Debug|Any CPU
		{53A217F3-2DBB-4F64-BE09-B629CEBAFEA9}.AppStore|ARM64.Build.0 = Debug|Any CPU
		{53A217F3-2DBB-4F64-BE09-B629CEBAFEA9}.AppStore|iPhone.ActiveCfg = Debug|Any CPU
		{53A217F3-2DBB-4F64-BE09-B629CEBAFEA9}.AppStore|iPhone.Build.0 = Debug|Any CPU
		{53A217F3-2DBB-4F64-BE09-B629CEBAFEA9}.AppStore|iPhoneSimulator.ActiveCfg = Debug|Any CPU
		{53A217F3-2DBB-4F64-BE09-B629CEBAFEA9}.AppStore|iPhoneSimulator.Build.0 = Debug|Any CPU
		{53A217F3-2DBB-4F64-BE09-B629CEBAFEA9}.AppStore|x64.ActiveCfg = Debug|Any CPU
		{53A217F3-2DBB-4F64-BE09-B629CEBAFEA9}.AppStore|x64.Build.0 = Debug|Any CPU
		{53A217F3-2DBB-4F64-BE09-B629CEBAFEA9}.AppStore|x86.ActiveCfg = Debug|Any CPU
		{53A217F3-2DBB-4F64-BE09-B629CEBAFEA9}.AppStore|x86.Build.0 = Debug|Any CPU
		{53A217F3-2DBB-4F64-BE09-B629CEBAFEA9}.Debug|Any CPU.ActiveCfg = Debug|Any CPU
		{53A217F3-2DBB-4F64-BE09-B629CEBAFEA9}.Debug|Any CPU.Build.0 = Debug|Any CPU
		{53A217F3-2DBB-4F64-BE09-B629CEBAFEA9}.Debug|ARM.ActiveCfg = Debug|Any CPU
		{53A217F3-2DBB-4F64-BE09-B629CEBAFEA9}.Debug|ARM.Build.0 = Debug|Any CPU
		{53A217F3-2DBB-4F64-BE09-B629CEBAFEA9}.Debug|ARM64.ActiveCfg = Debug|Any CPU
		{53A217F3-2DBB-4F64-BE09-B629CEBAFEA9}.Debug|ARM64.Build.0 = Debug|Any CPU
		{53A217F3-2DBB-4F64-BE09-B629CEBAFEA9}.Debug|iPhone.ActiveCfg = Debug|Any CPU
		{53A217F3-2DBB-4F64-BE09-B629CEBAFEA9}.Debug|iPhone.Build.0 = Debug|Any CPU
		{53A217F3-2DBB-4F64-BE09-B629CEBAFEA9}.Debug|iPhoneSimulator.ActiveCfg = Debug|Any CPU
		{53A217F3-2DBB-4F64-BE09-B629CEBAFEA9}.Debug|iPhoneSimulator.Build.0 = Debug|Any CPU
		{53A217F3-2DBB-4F64-BE09-B629CEBAFEA9}.Debug|x64.ActiveCfg = Debug|Any CPU
		{53A217F3-2DBB-4F64-BE09-B629CEBAFEA9}.Debug|x64.Build.0 = Debug|Any CPU
		{53A217F3-2DBB-4F64-BE09-B629CEBAFEA9}.Debug|x86.ActiveCfg = Debug|Any CPU
		{53A217F3-2DBB-4F64-BE09-B629CEBAFEA9}.Debug|x86.Build.0 = Debug|Any CPU
		{53A217F3-2DBB-4F64-BE09-B629CEBAFEA9}.Release|Any CPU.ActiveCfg = Release|Any CPU
		{53A217F3-2DBB-4F64-BE09-B629CEBAFEA9}.Release|Any CPU.Build.0 = Release|Any CPU
		{53A217F3-2DBB-4F64-BE09-B629CEBAFEA9}.Release|ARM.ActiveCfg = Release|Any CPU
		{53A217F3-2DBB-4F64-BE09-B629CEBAFEA9}.Release|ARM.Build.0 = Release|Any CPU
		{53A217F3-2DBB-4F64-BE09-B629CEBAFEA9}.Release|ARM64.ActiveCfg = Release|Any CPU
		{53A217F3-2DBB-4F64-BE09-B629CEBAFEA9}.Release|ARM64.Build.0 = Release|Any CPU
		{53A217F3-2DBB-4F64-BE09-B629CEBAFEA9}.Release|iPhone.ActiveCfg = Release|Any CPU
		{53A217F3-2DBB-4F64-BE09-B629CEBAFEA9}.Release|iPhone.Build.0 = Release|Any CPU
		{53A217F3-2DBB-4F64-BE09-B629CEBAFEA9}.Release|iPhoneSimulator.ActiveCfg = Release|Any CPU
		{53A217F3-2DBB-4F64-BE09-B629CEBAFEA9}.Release|iPhoneSimulator.Build.0 = Release|Any CPU
		{53A217F3-2DBB-4F64-BE09-B629CEBAFEA9}.Release|x64.ActiveCfg = Release|Any CPU
		{53A217F3-2DBB-4F64-BE09-B629CEBAFEA9}.Release|x64.Build.0 = Release|Any CPU
		{53A217F3-2DBB-4F64-BE09-B629CEBAFEA9}.Release|x86.ActiveCfg = Release|Any CPU
		{53A217F3-2DBB-4F64-BE09-B629CEBAFEA9}.Release|x86.Build.0 = Release|Any CPU
		{72F64854-5D9B-4D6E-8FC0-20D19F0786DA}.Ad-Hoc|Any CPU.ActiveCfg = Debug|Any CPU
		{72F64854-5D9B-4D6E-8FC0-20D19F0786DA}.Ad-Hoc|Any CPU.Build.0 = Debug|Any CPU
		{72F64854-5D9B-4D6E-8FC0-20D19F0786DA}.Ad-Hoc|ARM.ActiveCfg = Debug|Any CPU
		{72F64854-5D9B-4D6E-8FC0-20D19F0786DA}.Ad-Hoc|ARM.Build.0 = Debug|Any CPU
		{72F64854-5D9B-4D6E-8FC0-20D19F0786DA}.Ad-Hoc|ARM64.ActiveCfg = Debug|Any CPU
		{72F64854-5D9B-4D6E-8FC0-20D19F0786DA}.Ad-Hoc|ARM64.Build.0 = Debug|Any CPU
		{72F64854-5D9B-4D6E-8FC0-20D19F0786DA}.Ad-Hoc|iPhone.ActiveCfg = Debug|Any CPU
		{72F64854-5D9B-4D6E-8FC0-20D19F0786DA}.Ad-Hoc|iPhone.Build.0 = Debug|Any CPU
		{72F64854-5D9B-4D6E-8FC0-20D19F0786DA}.Ad-Hoc|iPhoneSimulator.ActiveCfg = Debug|Any CPU
		{72F64854-5D9B-4D6E-8FC0-20D19F0786DA}.Ad-Hoc|iPhoneSimulator.Build.0 = Debug|Any CPU
		{72F64854-5D9B-4D6E-8FC0-20D19F0786DA}.Ad-Hoc|x64.ActiveCfg = Debug|Any CPU
		{72F64854-5D9B-4D6E-8FC0-20D19F0786DA}.Ad-Hoc|x64.Build.0 = Debug|Any CPU
		{72F64854-5D9B-4D6E-8FC0-20D19F0786DA}.Ad-Hoc|x86.ActiveCfg = Debug|Any CPU
		{72F64854-5D9B-4D6E-8FC0-20D19F0786DA}.Ad-Hoc|x86.Build.0 = Debug|Any CPU
		{72F64854-5D9B-4D6E-8FC0-20D19F0786DA}.AppStore|Any CPU.ActiveCfg = Debug|Any CPU
		{72F64854-5D9B-4D6E-8FC0-20D19F0786DA}.AppStore|Any CPU.Build.0 = Debug|Any CPU
		{72F64854-5D9B-4D6E-8FC0-20D19F0786DA}.AppStore|ARM.ActiveCfg = Debug|Any CPU
		{72F64854-5D9B-4D6E-8FC0-20D19F0786DA}.AppStore|ARM.Build.0 = Debug|Any CPU
		{72F64854-5D9B-4D6E-8FC0-20D19F0786DA}.AppStore|ARM64.ActiveCfg = Debug|Any CPU
		{72F64854-5D9B-4D6E-8FC0-20D19F0786DA}.AppStore|ARM64.Build.0 = Debug|Any CPU
		{72F64854-5D9B-4D6E-8FC0-20D19F0786DA}.AppStore|iPhone.ActiveCfg = Debug|Any CPU
		{72F64854-5D9B-4D6E-8FC0-20D19F0786DA}.AppStore|iPhone.Build.0 = Debug|Any CPU
		{72F64854-5D9B-4D6E-8FC0-20D19F0786DA}.AppStore|iPhoneSimulator.ActiveCfg = Debug|Any CPU
		{72F64854-5D9B-4D6E-8FC0-20D19F0786DA}.AppStore|iPhoneSimulator.Build.0 = Debug|Any CPU
		{72F64854-5D9B-4D6E-8FC0-20D19F0786DA}.AppStore|x64.ActiveCfg = Debug|Any CPU
		{72F64854-5D9B-4D6E-8FC0-20D19F0786DA}.AppStore|x64.Build.0 = Debug|Any CPU
		{72F64854-5D9B-4D6E-8FC0-20D19F0786DA}.AppStore|x86.ActiveCfg = Debug|Any CPU
		{72F64854-5D9B-4D6E-8FC0-20D19F0786DA}.AppStore|x86.Build.0 = Debug|Any CPU
		{72F64854-5D9B-4D6E-8FC0-20D19F0786DA}.Debug|Any CPU.ActiveCfg = Debug|Any CPU
		{72F64854-5D9B-4D6E-8FC0-20D19F0786DA}.Debug|Any CPU.Build.0 = Debug|Any CPU
		{72F64854-5D9B-4D6E-8FC0-20D19F0786DA}.Debug|ARM.ActiveCfg = Debug|Any CPU
		{72F64854-5D9B-4D6E-8FC0-20D19F0786DA}.Debug|ARM.Build.0 = Debug|Any CPU
		{72F64854-5D9B-4D6E-8FC0-20D19F0786DA}.Debug|ARM64.ActiveCfg = Debug|Any CPU
		{72F64854-5D9B-4D6E-8FC0-20D19F0786DA}.Debug|ARM64.Build.0 = Debug|Any CPU
		{72F64854-5D9B-4D6E-8FC0-20D19F0786DA}.Debug|iPhone.ActiveCfg = Debug|Any CPU
		{72F64854-5D9B-4D6E-8FC0-20D19F0786DA}.Debug|iPhone.Build.0 = Debug|Any CPU
		{72F64854-5D9B-4D6E-8FC0-20D19F0786DA}.Debug|iPhoneSimulator.ActiveCfg = Debug|Any CPU
		{72F64854-5D9B-4D6E-8FC0-20D19F0786DA}.Debug|iPhoneSimulator.Build.0 = Debug|Any CPU
		{72F64854-5D9B-4D6E-8FC0-20D19F0786DA}.Debug|x64.ActiveCfg = Debug|Any CPU
		{72F64854-5D9B-4D6E-8FC0-20D19F0786DA}.Debug|x64.Build.0 = Debug|Any CPU
		{72F64854-5D9B-4D6E-8FC0-20D19F0786DA}.Debug|x86.ActiveCfg = Debug|Any CPU
		{72F64854-5D9B-4D6E-8FC0-20D19F0786DA}.Debug|x86.Build.0 = Debug|Any CPU
		{72F64854-5D9B-4D6E-8FC0-20D19F0786DA}.Release|Any CPU.ActiveCfg = Release|Any CPU
		{72F64854-5D9B-4D6E-8FC0-20D19F0786DA}.Release|Any CPU.Build.0 = Release|Any CPU
		{72F64854-5D9B-4D6E-8FC0-20D19F0786DA}.Release|ARM.ActiveCfg = Release|Any CPU
		{72F64854-5D9B-4D6E-8FC0-20D19F0786DA}.Release|ARM.Build.0 = Release|Any CPU
		{72F64854-5D9B-4D6E-8FC0-20D19F0786DA}.Release|ARM64.ActiveCfg = Release|Any CPU
		{72F64854-5D9B-4D6E-8FC0-20D19F0786DA}.Release|ARM64.Build.0 = Release|Any CPU
		{72F64854-5D9B-4D6E-8FC0-20D19F0786DA}.Release|iPhone.ActiveCfg = Release|Any CPU
		{72F64854-5D9B-4D6E-8FC0-20D19F0786DA}.Release|iPhone.Build.0 = Release|Any CPU
		{72F64854-5D9B-4D6E-8FC0-20D19F0786DA}.Release|iPhoneSimulator.ActiveCfg = Release|Any CPU
		{72F64854-5D9B-4D6E-8FC0-20D19F0786DA}.Release|iPhoneSimulator.Build.0 = Release|Any CPU
		{72F64854-5D9B-4D6E-8FC0-20D19F0786DA}.Release|x64.ActiveCfg = Release|Any CPU
		{72F64854-5D9B-4D6E-8FC0-20D19F0786DA}.Release|x64.Build.0 = Release|Any CPU
		{72F64854-5D9B-4D6E-8FC0-20D19F0786DA}.Release|x86.ActiveCfg = Release|Any CPU
		{72F64854-5D9B-4D6E-8FC0-20D19F0786DA}.Release|x86.Build.0 = Release|Any CPU
		{787DB750-CBE0-488E-9614-E673AB153B92}.Ad-Hoc|Any CPU.ActiveCfg = Debug|Any CPU
		{787DB750-CBE0-488E-9614-E673AB153B92}.Ad-Hoc|Any CPU.Build.0 = Debug|Any CPU
		{787DB750-CBE0-488E-9614-E673AB153B92}.Ad-Hoc|ARM.ActiveCfg = Debug|Any CPU
		{787DB750-CBE0-488E-9614-E673AB153B92}.Ad-Hoc|ARM.Build.0 = Debug|Any CPU
		{787DB750-CBE0-488E-9614-E673AB153B92}.Ad-Hoc|ARM64.ActiveCfg = Debug|Any CPU
		{787DB750-CBE0-488E-9614-E673AB153B92}.Ad-Hoc|ARM64.Build.0 = Debug|Any CPU
		{787DB750-CBE0-488E-9614-E673AB153B92}.Ad-Hoc|iPhone.ActiveCfg = Debug|Any CPU
		{787DB750-CBE0-488E-9614-E673AB153B92}.Ad-Hoc|iPhone.Build.0 = Debug|Any CPU
		{787DB750-CBE0-488E-9614-E673AB153B92}.Ad-Hoc|iPhoneSimulator.ActiveCfg = Debug|Any CPU
		{787DB750-CBE0-488E-9614-E673AB153B92}.Ad-Hoc|iPhoneSimulator.Build.0 = Debug|Any CPU
		{787DB750-CBE0-488E-9614-E673AB153B92}.Ad-Hoc|x64.ActiveCfg = Debug|Any CPU
		{787DB750-CBE0-488E-9614-E673AB153B92}.Ad-Hoc|x64.Build.0 = Debug|Any CPU
		{787DB750-CBE0-488E-9614-E673AB153B92}.Ad-Hoc|x86.ActiveCfg = Debug|Any CPU
		{787DB750-CBE0-488E-9614-E673AB153B92}.Ad-Hoc|x86.Build.0 = Debug|Any CPU
		{787DB750-CBE0-488E-9614-E673AB153B92}.AppStore|Any CPU.ActiveCfg = Debug|Any CPU
		{787DB750-CBE0-488E-9614-E673AB153B92}.AppStore|Any CPU.Build.0 = Debug|Any CPU
		{787DB750-CBE0-488E-9614-E673AB153B92}.AppStore|ARM.ActiveCfg = Debug|Any CPU
		{787DB750-CBE0-488E-9614-E673AB153B92}.AppStore|ARM.Build.0 = Debug|Any CPU
		{787DB750-CBE0-488E-9614-E673AB153B92}.AppStore|ARM64.ActiveCfg = Debug|Any CPU
		{787DB750-CBE0-488E-9614-E673AB153B92}.AppStore|ARM64.Build.0 = Debug|Any CPU
		{787DB750-CBE0-488E-9614-E673AB153B92}.AppStore|iPhone.ActiveCfg = Debug|Any CPU
		{787DB750-CBE0-488E-9614-E673AB153B92}.AppStore|iPhone.Build.0 = Debug|Any CPU
		{787DB750-CBE0-488E-9614-E673AB153B92}.AppStore|iPhoneSimulator.ActiveCfg = Debug|Any CPU
		{787DB750-CBE0-488E-9614-E673AB153B92}.AppStore|iPhoneSimulator.Build.0 = Debug|Any CPU
		{787DB750-CBE0-488E-9614-E673AB153B92}.AppStore|x64.ActiveCfg = Debug|Any CPU
		{787DB750-CBE0-488E-9614-E673AB153B92}.AppStore|x64.Build.0 = Debug|Any CPU
		{787DB750-CBE0-488E-9614-E673AB153B92}.AppStore|x86.ActiveCfg = Debug|Any CPU
		{787DB750-CBE0-488E-9614-E673AB153B92}.AppStore|x86.Build.0 = Debug|Any CPU
		{787DB750-CBE0-488E-9614-E673AB153B92}.Debug|Any CPU.ActiveCfg = Debug|Any CPU
		{787DB750-CBE0-488E-9614-E673AB153B92}.Debug|Any CPU.Build.0 = Debug|Any CPU
		{787DB750-CBE0-488E-9614-E673AB153B92}.Debug|ARM.ActiveCfg = Debug|Any CPU
		{787DB750-CBE0-488E-9614-E673AB153B92}.Debug|ARM.Build.0 = Debug|Any CPU
		{787DB750-CBE0-488E-9614-E673AB153B92}.Debug|ARM64.ActiveCfg = Debug|Any CPU
		{787DB750-CBE0-488E-9614-E673AB153B92}.Debug|ARM64.Build.0 = Debug|Any CPU
		{787DB750-CBE0-488E-9614-E673AB153B92}.Debug|iPhone.ActiveCfg = Debug|Any CPU
		{787DB750-CBE0-488E-9614-E673AB153B92}.Debug|iPhone.Build.0 = Debug|Any CPU
		{787DB750-CBE0-488E-9614-E673AB153B92}.Debug|iPhoneSimulator.ActiveCfg = Debug|Any CPU
		{787DB750-CBE0-488E-9614-E673AB153B92}.Debug|iPhoneSimulator.Build.0 = Debug|Any CPU
		{787DB750-CBE0-488E-9614-E673AB153B92}.Debug|x64.ActiveCfg = Debug|Any CPU
		{787DB750-CBE0-488E-9614-E673AB153B92}.Debug|x64.Build.0 = Debug|Any CPU
		{787DB750-CBE0-488E-9614-E673AB153B92}.Debug|x86.ActiveCfg = Debug|Any CPU
		{787DB750-CBE0-488E-9614-E673AB153B92}.Debug|x86.Build.0 = Debug|Any CPU
		{787DB750-CBE0-488E-9614-E673AB153B92}.Release|Any CPU.ActiveCfg = Release|Any CPU
		{787DB750-CBE0-488E-9614-E673AB153B92}.Release|Any CPU.Build.0 = Release|Any CPU
		{787DB750-CBE0-488E-9614-E673AB153B92}.Release|ARM.ActiveCfg = Release|Any CPU
		{787DB750-CBE0-488E-9614-E673AB153B92}.Release|ARM.Build.0 = Release|Any CPU
		{787DB750-CBE0-488E-9614-E673AB153B92}.Release|ARM64.ActiveCfg = Release|Any CPU
		{787DB750-CBE0-488E-9614-E673AB153B92}.Release|ARM64.Build.0 = Release|Any CPU
		{787DB750-CBE0-488E-9614-E673AB153B92}.Release|iPhone.ActiveCfg = Release|Any CPU
		{787DB750-CBE0-488E-9614-E673AB153B92}.Release|iPhone.Build.0 = Release|Any CPU
		{787DB750-CBE0-488E-9614-E673AB153B92}.Release|iPhoneSimulator.ActiveCfg = Release|Any CPU
		{787DB750-CBE0-488E-9614-E673AB153B92}.Release|iPhoneSimulator.Build.0 = Release|Any CPU
		{787DB750-CBE0-488E-9614-E673AB153B92}.Release|x64.ActiveCfg = Release|Any CPU
		{787DB750-CBE0-488E-9614-E673AB153B92}.Release|x64.Build.0 = Release|Any CPU
		{787DB750-CBE0-488E-9614-E673AB153B92}.Release|x86.ActiveCfg = Release|Any CPU
		{787DB750-CBE0-488E-9614-E673AB153B92}.Release|x86.Build.0 = Release|Any CPU
	EndGlobalSection
	GlobalSection(SolutionProperties) = preSolution
		HideSolutionNode = FALSE
	EndGlobalSection
	GlobalSection(NestedProjects) = preSolution
		{B52683C4-1C7D-4D5A-A510-BC088D89202E} = {56B2B408-E9F7-4553-8853-696315E74F3D}
		{2F814C60-710C-456D-8A05-89B64FB10DDE} = {56B2B408-E9F7-4553-8853-696315E74F3D}
		{4FA9C94B-1433-4B08-B774-C94F53EF0B15} = {56B2B408-E9F7-4553-8853-696315E74F3D}
		{5CAEA42A-D014-430B-AEFF-825159EADC43} = {56B2B408-E9F7-4553-8853-696315E74F3D}
		{59B8BA7D-6D20-4F52-8B85-700DCD1C16B1} = {56B2B408-E9F7-4553-8853-696315E74F3D}
		{A5497FD4-F7A6-467E-AFC5-060FD30434E4} = {56B2B408-E9F7-4553-8853-696315E74F3D}
		{53A217F3-2DBB-4F64-BE09-B629CEBAFEA9} = {56B2B408-E9F7-4553-8853-696315E74F3D}
		{72F64854-5D9B-4D6E-8FC0-20D19F0786DA} = {56B2B408-E9F7-4553-8853-696315E74F3D}
		{787DB750-CBE0-488E-9614-E673AB153B92} = {56B2B408-E9F7-4553-8853-696315E74F3D}
	EndGlobalSection
	GlobalSection(ExtensibilityGlobals) = postSolution
		SolutionGuid = {931E8C81-4028-4FC8-9383-B8645C636EE0}
	EndGlobalSection
EndGlobal
